github.com/doodles526/syncplayBot v0.0.0-20200414235944-a5fe0a228188 h1:F7d9xCBfTUSBMczEBIOPOAspxwuRxZxzeVNRwvEo3CE=
github.com/doodles526/syncplayBot v0.0.0-20200414235944-a5fe0a228188/go.mod h1:KhYgsJlu/JIMUrRDuPWvzGhoclufE7h0wTzscmASQQw=
github.com/gorilla/mux v1.7.4 h1:VuZ8uybHlWmqV03+zRzdwKL4tUnIp1MAQtp1mIFE1bc=
github.com/gorilla/mux v1.7.4/go.mod h1:DVbg23sWSpFRCP0SfiEN6jmj59UnW/n46BH5rLB71So=
